
Microsoft Visual Studio Solution File, Format Version 12.00
# Visual Studio 15
VisualStudioVersion = 15.0.27428.2015
MinimumVisualStudioVersion = 10.0.40219.1
Project("{9A19103F-16F7-4668-BE54-9A1E7A4F7556}") = "Programmeringsfredag", "Programmeringsfredag.csproj", "{D5E5D66F-FA4E-420E-85A3-B47DF8A004EF}"
EndProject
Global
	GlobalSection(SolutionConfigurationPlatforms) = preSolution
		Debug|Any CPU = Debug|Any CPU
		Release|Any CPU = Release|Any CPU
	EndGlobalSection
	GlobalSection(ProjectConfigurationPlatforms) = postSolution
		{D5E5D66F-FA4E-420E-85A3-B47DF8A004EF}.Debug|Any CPU.ActiveCfg = Debug|Any CPU
		{D5E5D66F-FA4E-420E-85A3-B47DF8A004EF}.Debug|Any CPU.Build.0 = Debug|Any CPU
		{D5E5D66F-FA4E-420E-85A3-B47DF8A004EF}.Release|Any CPU.ActiveCfg = Release|Any CPU
		{D5E5D66F-FA4E-420E-85A3-B47DF8A004EF}.Release|Any CPU.Build.0 = Release|Any CPU
	EndGlobalSection
	GlobalSection(SolutionProperties) = preSolution
		HideSolutionNode = FALSE
	EndGlobalSection
	GlobalSection(ExtensibilityGlobals) = postSolution
		SolutionGuid = {38C80B3A-5496-4A03-84EA-947B8E2D2129}
	EndGlobalSection
EndGlobal
